Microsoft Visual Studio Solution File, Format Version 12.00
# 

Project("{FAE04EC0-301F-11D3-BF4B-00C04F79EFBC}") = "AlexaCSharpRandomNumberGenerator", "src\AlexaCSharpRandomNumberGenerator\AlexaCSharpRandomNumberGenerator.csproj", "{5BCAADBB-BFC6-47C4-BF7B-7D100D71AEA1}"
EndProject

Project("{FAE04EC0-301F-11D3-BF4B-00C04F79EFBC}") = "AlexaCSharpRandomNumberGenerator.Tests", "test\AlexaCSharpRandomNumberGenerator.Tests\AlexaCSharpRandomNumberGenerator.Tests.csproj", "{C39E52DA-8777-4F7B-9515-4FAEB0D21529}"
EndProject

Global
	GlobalSection(SolutionConfigurationPlatforms) = preSolution
		Debug|Any CPU = Debug|Any CPU
		Release|Any CPU = Release|Any CPU
	EndGlobalSection
	GlobalSection(ProjectConfigurationPlatforms) = postSolution
		{5BCAADBB-BFC6-47C4-BF7B-7D100D71AEA1}.Debug|Any CPU.ActiveCfg = Debug|Any CPU
		{5BCAADBB-BFC6-47C4-BF7B-7D100D71AEA1}.Debug|Any CPU.Build.0 = Debug|Any CPU
		{5BCAADBB-BFC6-47C4-BF7B-7D100D71AEA1}.Release|Any CPU.ActiveCfg = Release|Any CPU
		{5BCAADBB-BFC6-47C4-BF7B-7D100D71AEA1}.Release|Any CPU.Build.0 = Release|Any CPU
		{C39E52DA-8777-4F7B-9515-4FAEB0D21529}.Debug|Any CPU.ActiveCfg = Debug|Any CPU
		{C39E52DA-8777-4F7B-9515-4FAEB0D21529}.Debug|Any CPU.Build.0 = Debug|Any CPU
		{C39E52DA-8777-4F7B-9515-4FAEB0D21529}.Release|Any CPU.ActiveCfg = Release|Any CPU
		{C39E52DA-8777-4F7B-9515-4FAEB0D21529}.Release|Any CPU.Build.0 = Release|Any CPU
	EndGlobalSection
	GlobalSection(NestedProjects) = preSolution
		{5BCAADBB-BFC6-47C4-BF7B-7D100D71AEA1} = {9C0249A3-A7FE-45B2-BB20-B5C36DC4E4D5}
		{C39E52DA-8777-4F7B-9515-4FAEB0D21529} = {5CA8CA43-D442-461C-8093-44917F8EB9AC}
	EndGlobalSection
EndGlobal
